// !$*UTF8*$!
{
	archiveVersion = 1;
	classes = {
	};
	objectVersion = 56;
	objects = {

/* Begin PBXBuildFile section */
		8AD4D3FA2BADE26200B09738 /* SwiftUIFrameworksListApp.swift in Sources */ = {isa = PBXBuildFile; fileRef = 8AD4D3F92BADE26200B09738 /* SwiftUIFrameworksListApp.swift */; };
		8AD4D3FE2BADE26400B09738 /* Assets.xcassets in Resources */ = {isa = PBXBuildFile; fileRef = 8AD4D3FD2BADE26400B09738 /* Assets.xcassets */; };
		8AD4D4012BADE26400B09738 /* Preview Assets.xcassets in Resources */ = {isa = PBXBuildFile; fileRef = 8AD4D4002BADE26400B09738 /* Preview Assets.xcassets */; };
		8AD4D4082BADE2AB00B09738 /* Framework.swift in Sources */ = {isa = PBXBuildFile; fileRef = 8AD4D4072BADE2AB00B09738 /* Framework.swift */; };
		8AD4D40A2BADF02B00B09738 /* FrameworkGridView.swift in Sources */ = {isa = PBXBuildFile; fileRef = 8AD4D4092BADF02B00B09738 /* FrameworkGridView.swift */; };
		8ADD6EDE2BB40EAE00C7D329 /* FrameworkDetailViewModel.swift in Sources */ = {isa = PBXBuildFile; fileRef = 8ADD6EDD2BB40EAE00C7D329 /* FrameworkDetailViewModel.swift */; };
		8AE1705E2BAEBC6D00FFDA20 /* FrameworkDetailView.swift in Sources */ = {isa = PBXBuildFile; fileRef = 8AE1705D2BAEBC6D00FFDA20 /* FrameworkDetailView.swift */; };
		8AE170602BAEBE9800FFDA20 /* AFButton.swift in Sources */ = {isa = PBXBuildFile; fileRef = 8AE1705F2BAEBE9800FFDA20 /* AFButton.swift */; };
		8AE170622BAEF96D00FFDA20 /* FrameworkGridVieModel.swift in Sources */ = {isa = PBXBuildFile; fileRef = 8AE170612BAEF96D00FFDA20 /* FrameworkGridVieModel.swift */; };
		8AE170642BAEFF7100FFDA20 /* SafariView.swift in Sources */ = {isa = PBXBuildFile; fileRef = 8AE170632BAEFF7100FFDA20 /* SafariView.swift */; };
		8AE170662BAF17A100FFDA20 /* FrameworkTitleView.swift in Sources */ = {isa = PBXBuildFile; fileRef = 8AE170652BAF17A100FFDA20 /* FrameworkTitleView.swift */; };
		8AE170682BAF184400FFDA20 /* XDismissButton.swift in Sources */ = {isa = PBXBuildFile; fileRef = 8AE170672BAF184400FFDA20 /* XDismissButton.swift */; };
/* End PBXBuildFile section */

/* Begin PBXFileReference section */
		8AD4D3F62BADE26200B09738 /* SwiftUIFrameworksList.app */ = {isa = PBXFileReference; explicitFileType = wrapper.application; includeInIndex = 0; path = SwiftUIFrameworksList.app; sourceTree = BUILT_PRODUCTS_DIR; };
		8AD4D3F92BADE26200B09738 /* SwiftUIFrameworksListApp.swift */ = {isa = PBXFileReference; lastKnownFileType = sourcecode.swift; path = SwiftUIFrameworksListApp.swift; sourceTree = "<group>"; };
		8AD4D3FD2BADE26400B09738 /* Assets.xcassets */ = {isa = PBXFileReference; lastKnownFileType = folder.assetcatalog; path = Assets.xcassets; sourceTree = "<group>"; };
		8AD4D4002BADE26400B09738 /* Preview Assets.xcassets */ = {isa = PBXFileReference; lastKnownFileType = folder.assetcatalog; path = "Preview Assets.xcassets"; sourceTree = "<group>"; };
		8AD4D4072BADE2AB00B09738 /* Framework.swift */ = {isa = PBXFileReference; lastKnownFileType = sourcecode.swift; path = Framework.swift; sourceTree = "<group>"; };
		8AD4D4092BADF02B00B09738 /* FrameworkGridView.swift */ = {isa = PBXFileReference; lastKnownFileType = sourcecode.swift; path = FrameworkGridView.swift; sourceTree = "<group>"; };
		8ADD6EDD2BB40EAE00C7D329 /* FrameworkDetailViewModel.swift */ = {isa = PBXFileReference; fileEncoding = 4; lastKnownFileType = sourcecode.swift; path = FrameworkDetailViewModel.swift; sourceTree = "<group>"; };
		8AE1705D2BAEBC6D00FFDA20 /* FrameworkDetailView.swift */ = {isa = PBXFileReference; lastKnownFileType = sourcecode.swift; path = FrameworkDetailView.swift; sourceTree = "<group>"; };
		8AE1705F2BAEBE9800FFDA20 /* AFButton.swift */ = {isa = PBXFileReference; lastKnownFileType = sourcecode.swift; path = AFButton.swift; sourceTree = "<group>"; };
		8AE170612BAEF96D00FFDA20 /* FrameworkGridVieModel.swift */ = {isa = PBXFileReference; lastKnownFileType = sourcecode.swift; path = FrameworkGridVieModel.swift; sourceTree = "<group>"; };
		8AE170632BAEFF7100FFDA20 /* SafariView.swift */ = {isa = PBXFileReference; lastKnownFileType = sourcecode.swift; path = SafariView.swift; sourceTree = "<group>"; };
		8AE170652BAF17A100FFDA20 /* FrameworkTitleView.swift */ = {isa = PBXFileReference; lastKnownFileType = sourcecode.swift; path = FrameworkTitleView.swift; sourceTree = "<group>"; };
		8AE170672BAF184400FFDA20 /* XDismissButton.swift */ = {isa = PBXFileReference; lastKnownFileType = sourcecode.swift; path = XDismissButton.swift; sourceTree = "<group>"; };
/* End PBXFileReference section */

/* Begin PBXFrameworksBuildPhase section */
		8AD4D3F32BADE26200B09738 /* Frameworks */ = {
			isa = PBXFrameworksBuildPhase;
			buildActionMask = 2147483647;
			files = (
			);
			runOnlyForDeploymentPostprocessing = 0;
		};
/* End PBXFrameworksBuildPhase section */

/* Begin PBXGroup section */
		8AD4D3ED2BADE26200B09738 = {
			isa = PBXGroup;
			children = (
				8AD4D3F82BADE26200B09738 /* SwiftUIFrameworksList */,
				8AD4D3F72BADE26200B09738 /* Products */,
			);
			sourceTree = "<group>";
		};
		8AD4D3F72BADE26200B09738 /* Products */ = {
			isa = PBXGroup;
			children = (
				8AD4D3F62BADE26200B09738 /* SwiftUIFrameworksList.app */,
			);
			name = Products;
			sourceTree = "<group>";
		};
		8AD4D3F82BADE26200B09738 /* SwiftUIFrameworksList */ = {
			isa = PBXGroup;
			children = (
				8AE170702BAF1A7600FFDA20 /* UIKit Components */,
				8AE1706D2BAF1A2B00FFDA20 /* Views */,
				8AE1706C2BAF1A1500FFDA20 /* Model */,
				8AE170692BAF195200FFDA20 /* Screens */,
				8AD4D3F92BADE26200B09738 /* SwiftUIFrameworksListApp.swift */,
				8AE170632BAEFF7100FFDA20 /* SafariView.swift */,
				8AD4D3FD2BADE26400B09738 /* Assets.xcassets */,
				8AD4D3FF2BADE26400B09738 /* Preview Content */,
			);
			path = SwiftUIFrameworksList;
			sourceTree = "<group>";
		};
		8AD4D3FF2BADE26400B09738 /* Preview Content */ = {
			isa = PBXGroup;
			children = (
				8AD4D4002BADE26400B09738 /* Preview Assets.xcassets */,
			);
			path = "Preview Content";
			sourceTree = "<group>";
		};
		8AE170692BAF195200FFDA20 /* Screens */ = {
			isa = PBXGroup;
			children = (
				8AE1706B2BAF19CC00FFDA20 /* FrameworkDetailView */,
				8AE1706A2BAF195A00FFDA20 /* FrameworkGridView */,
			);
			path = Screens;
			sourceTree = "<group>";
		};
		8AE1706A2BAF195A00FFDA20 /* FrameworkGridView */ = {
			isa = PBXGroup;
			children = (
				8AD4D4092BADF02B00B09738 /* FrameworkGridView.swift */,
				8AE170612BAEF96D00FFDA20 /* FrameworkGridVieModel.swift */,
			);
			path = FrameworkGridView;
			sourceTree = "<group>";
		};
		8AE1706B2BAF19CC00FFDA20 /* FrameworkDetailView */ = {
			isa = PBXGroup;
			children = (
				8ADD6EDD2BB40EAE00C7D329 /* FrameworkDetailViewModel.swift */,
				8AE1705D2BAEBC6D00FFDA20 /* FrameworkDetailView.swift */,
			);
			path = FrameworkDetailView;
			sourceTree = "<group>";
		};
		8AE1706C2BAF1A1500FFDA20 /* Model */ = {
			isa = PBXGroup;
			children = (
				8AD4D4072BADE2AB00B09738 /* Framework.swift */,
			);
			path = Model;
			sourceTree = "<group>";
		};
		8AE1706D2BAF1A2B00FFDA20 /* Views */ = {
			isa = PBXGroup;
			children = (
				8AE1706F2BAF1A5100FFDA20 /* View */,
				8AE1706E2BAF1A3B00FFDA20 /* Buttons */,
			);
			path = Views;
			sourceTree = "<group>";
		};
		8AE1706E2BAF1A3B00FFDA20 /* Buttons */ = {
			isa = PBXGroup;
			children = (
				8AE1705F2BAEBE9800FFDA20 /* AFButton.swift */,
				8AE170672BAF184400FFDA20 /* XDismissButton.swift */,
			);
			path = Buttons;
			sourceTree = "<group>";
		};
		8AE1706F2BAF1A5100FFDA20 /* View */ = {
			isa = PBXGroup;
			children = (
				8AE170652BAF17A100FFDA20 /* FrameworkTitleView.swift */,
			);
			path = View;
			sourceTree = "<group>";
		};
		8AE170702BAF1A7600FFDA20 /* UIKit Components */ = {
			isa = PBXGroup;
			children = (
			);
			path = "UIKit Components";
			sourceTree = "<group>";
		};
/* End PBXGroup section */

/* Begin PBXNativeTarget section */
		8AD4D3F52BADE26200B09738 /* SwiftUIFrameworksList */ = {
			isa = PBXNativeTarget;
			buildConfigurationList = 8AD4D4042BADE26400B09738 /* Build configuration list for PBXNativeTarget "SwiftUIFrameworksList" */;
			buildPhases = (
				8AD4D3F22BADE26200B09738 /* Sources */,
				8AD4D3F32BADE26200B09738 /* Frameworks */,
				8AD4D3F42BADE26200B09738 /* Resources */,
			);
			buildRules = (
			);
			dependencies = (
			);
			name = SwiftUIFrameworksList;
			productName = SwiftUIFrameworksList;
			productReference = 8AD4D3F62BADE26200B09738 /* SwiftUIFrameworksList.app */;
			productType = "com.apple.product-type.application";
		};
/* End PBXNativeTarget section */

/* Begin PBXProject section */
		8AD4D3EE2BADE26200B09738 /* Project object */ = {
			isa = PBXProject;
			attributes = {
				BuildIndependentTargetsInParallel = 1;
				LastSwiftUpdateCheck = 1500;
				LastUpgradeCheck = 1500;
				TargetAttributes = {
					8AD4D3F52BADE26200B09738 = {
						CreatedOnToolsVersion = 15.0.1;
					};
				};
			};
			buildConfigurationList = 8AD4D3F12BADE26200B09738 /* Build configuration list for PBXProject "SwiftUIFrameworksList" */;
			compatibilityVersion = "Xcode 14.0";
			developmentRegion = en;
			hasScannedForEncodings = 0;
			knownRegions = (
				en,
				Base,
			);
			mainGroup = 8AD4D3ED2BADE26200B09738;
			productRefGroup = 8AD4D3F72BADE26200B09738 /* Products */;
			projectDirPath = "";
			projectRoot = "";
			targets = (
				8AD4D3F52BADE26200B09738 /* SwiftUIFrameworksList */,
			);
		};
/* End PBXProject section */

/* Begin PBXResourcesBuildPhase section */
		8AD4D3F42BADE26200B09738 /* Resources */ = {
			isa = PBXResourcesBuildPhase;
			buildActionMask = 2147483647;
			files = (
				8AD4D4012BADE26400B09738 /* Preview Assets.xcassets in Resources */,
				8AD4D3FE2BADE26400B09738 /* Assets.xcassets in Resources */,
			);
			runOnlyForDeploymentPostprocessing = 0;
		};
/* End PBXResourcesBuildPhase section */

/* Begin PBXSourcesBuildPhase section */
		8AD4D3F22BADE26200B09738 /* Sources */ = {
			isa = PBXSourcesBuildPhase;
			buildActionMask = 2147483647;
			files = (
				8ADD6EDE2BB40EAE00C7D329 /* FrameworkDetailViewModel.swift in Sources */,
				8AE1705E2BAEBC6D00FFDA20 /* FrameworkDetailView.swift in Sources */,
				8AE170622BAEF96D00FFDA20 /* FrameworkGridVieModel.swift in Sources */,
				8AE170682BAF184400FFDA20 /* XDismissButton.swift in Sources */,
				8AD4D40A2BADF02B00B09738 /* FrameworkGridView.swift in Sources */,
				8AD4D4082BADE2AB00B09738 /* Framework.swift in Sources */,
				8AE170602BAEBE9800FFDA20 /* AFButton.swift in Sources */,
				8AD4D3FA2BADE26200B09738 /* SwiftUIFrameworksListApp.swift in Sources */,
				8AE170662BAF17A100FFDA20 /* FrameworkTitleView.swift in Sources */,
				8AE170642BAEFF7100FFDA20 /* SafariView.swift in Sources */,
			);
			runOnlyForDeploymentPostprocessing = 0;
		};
/* End PBXSourcesBuildPhase section */

/* Begin XCBuildConfiguration section */
		8AD4D4022BADE26400B09738 /* Debug */ = {
			isa = XCBuildConfiguration;
			buildSettings = {
				ALWAYS_SEARCH_USER_PATHS = NO;
				ASSETCATALOG_COMPILER_GENERATE_SWIFT_ASSET_SYMBOL_EXTENSIONS = YES;
				CLANG_ANALYZER_NONNULL = YES;
				CLANG_ANALYZER_NUMBER_OBJECT_CONVERSION = YES_AGGRESSIVE;
				CLANG_CXX_LANGUAGE_STANDARD = "gnu++20";
				CLANG_ENABLE_MODULES = YES;
				CLANG_ENABLE_OBJC_ARC = YES;
				CLANG_ENABLE_OBJC_WEAK = YES;
				CLANG_WARN_BLOCK_CAPTURE_AUTORELEASING = YES;
				CLANG_WARN_BOOL_CONVERSION = YES;
				CLANG_WARN_COMMA = YES;
				CLANG_WARN_CONSTANT_CONVERSION = YES;
				CLANG_WARN_DEPRECATED_OBJC_IMPLEMENTATIONS = YES;
				CLANG_WARN_DIRECT_OBJC_ISA_USAGE = YES_ERROR;
				CLANG_WARN_DOCUMENTATION_COMMENTS = YES;
				CLANG_WARN_EMPTY_BODY = YES;
				CLANG_WARN_ENUM_CONVERSION = YES;
				CLANG_WARN_INFINITE_RECURSION = YES;
				CLANG_WARN_INT_CONVERSION = YES;
				CLANG_WARN_NON_LITERAL_NULL_CONVERSION = YES;
				CLANG_WARN_OBJC_IMPLICIT_RETAIN_SELF = YES;
				CLANG_WARN_OBJC_LITERAL_CONVERSION = YES;
				CLANG_WARN_OBJC_ROOT_CLASS = YES_ERROR;
				CLANG_WARN_QUOTED_INCLUDE_IN_FRAMEWORK_HEADER = YES;
				CLANG_WARN_RANGE_LOOP_ANALYSIS = YES;
				CLANG_WARN_STRICT_PROTOTYPES = YES;
				CLANG_WARN_SUSPICIOUS_MOVE = YES;
				CLANG_WARN_UNGUARDED_AVAILABILITY = YES_AGGRESSIVE;
				CLANG_WARN_UNREACHABLE_CODE = YES;
				CLANG_WARN__DUPLICATE_METHOD_MATCH = YES;
				COPY_PHASE_STRIP = NO;
				DEBUG_INFORMATION_FORMAT = dwarf;
				ENABLE_STRICT_OBJC_MSGSEND = YES;
				ENABLE_TESTABILITY = YES;
				ENABLE_USER_SCRIPT_SANDBOXING = YES;
				GCC_C_LANGUAGE_STANDARD = gnu17;
				GCC_DYNAMIC_NO_PIC = NO;
				GCC_NO_COMMON_BLOCKS = YES;
				GCC_OPTIMIZATION_LEVEL = 0;
				GCC_PREPROCESSOR_DEFINITIONS = (
					"DEBUG=1",
					"$(inherited)",
				);
				GCC_WARN_64_TO_32_BIT_CONVERSION = YES;
				GCC_WARN_ABOUT_RETURN_TYPE = YES_ERROR;
				GCC_WARN_UNDECLARED_SELECTOR = YES;
				GCC_WARN_UNINITIALIZED_AUTOS = YES_AGGRESSIVE;
				GCC_WARN_UNUSED_FUNCTION = YES;
				GCC_WARN_UNUSED_VARIABLE = YES;
				IPHONEOS_DEPLOYMENT_TARGET = 16.0;
				LOCALIZATION_PREFERS_STRING_CATALOGS = YES;
				MTL_ENABLE_DEBUG_INFO = INCLUDE_SOURCE;
				MTL_FAST_MATH = YES;
				ONLY_ACTIVE_ARCH = YES;
				SDKROOT = iphoneos;
				SWIFT_ACTIVE_COMPILATION_CONDITIONS = "DEBUG $(inherited)";
				SWIFT_OPTIMIZATION_LEVEL = "-Onone";
			};
			name = Debug;
		};
		8AD4D4032BADE26400B09738 /* Release */ = {
			isa = XCBuildConfiguration;
			buildSettings = {
				ALWAYS_SEARCH_USER_PATHS = NO;
				ASSETCATALOG_COMPILER_GENERATE_SWIFT_ASSET_SYMBOL_EXTENSIONS = YES;
				CLANG_ANALYZER_NONNULL = YES;
				CLANG_ANALYZER_NUMBER_OBJECT_CONVERSION = YES_AGGRESSIVE;
				CLANG_CXX_LANGUAGE_STANDARD = "gnu++20";
				CLANG_ENABLE_MODULES = YES;
				CLANG_ENABLE_OBJC_ARC = YES;
				CLANG_ENABLE_OBJC_WEAK = YES;
				CLANG_WARN_BLOCK_CAPTURE_AUTORELEASING = YES;
				CLANG_WARN_BOOL_CONVERSION = YES;
				CLANG_WARN_COMMA = YES;
				CLANG_WARN_CONSTANT_CONVERSION = YES;
				CLANG_WARN_DEPRECATED_OBJC_IMPLEMENTATIONS = YES;
				CLANG_WARN_DIRECT_OBJC_ISA_USAGE = YES_ERROR;
				CLANG_WARN_DOCUMENTATION_COMMENTS = YES;
				CLANG_WARN_EMPTY_BODY = YES;
				CLANG_WARN_ENUM_CONVERSION = YES;
				CLANG_WARN_INFINITE_RECURSION = YES;
				CLANG_WARN_INT_CONVERSION = YES;
				CLANG_WARN_NON_LITERAL_NULL_CONVERSION = YES;
				CLANG_WARN_OBJC_IMPLICIT_RETAIN_SELF = YES;
				CLANG_WARN_OBJC_LITERAL_CONVERSION = YES;
				CLANG_WARN_OBJC_ROOT_CLASS = YES_ERROR;
				CLANG_WARN_QUOTED_INCLUDE_IN_FRAMEWORK_HEADER = YES;
				CLANG_WARN_RANGE_LOOP_ANALYSIS = YES;
				CLANG_WARN_STRICT_PROTOTYPES = YES;
				CLANG_WARN_SUSPICIOUS_MOVE = YES;
				CLANG_WARN_UNGUARDED_AVAILABILITY = YES_AGGRESSIVE;
				CLANG_WARN_UNREACHABLE_CODE = YES;
				CLANG_WARN__DUPLICATE_METHOD_MATCH = YES;
				COPY_PHASE_STRIP = NO;
				DEBUG_INFORMATION_FORMAT = "dwarf-with-dsym";
				ENABLE_NS_ASSERTIONS = NO;
				ENABLE_STRICT_OBJC_MSGSEND = YES;
				ENABLE_USER_SCRIPT_SANDBOXING = YES;
				GCC_C_LANGUAGE_STANDARD = gnu17;
				GCC_NO_COMMON_BLOCKS = YES;
				GCC_WARN_64_TO_32_BIT_CONVERSION = YES;
				GCC_WARN_ABOUT_RETURN_TYPE = YES_ERROR;
				GCC_WARN_UNDECLARED_SELECTOR = YES;
				GCC_WARN_UNINITIALIZED_AUTOS = YES_AGGRESSIVE;
				GCC_WARN_UNUSED_FUNCTION = YES;
				GCC_WARN_UNUSED_VARIABLE = YES;
				IPHONEOS_DEPLOYMENT_TARGET = 16.0;
				LOCALIZATION_PREFERS_STRING_CATALOGS = YES;
				MTL_ENABLE_DEBUG_INFO = NO;
				MTL_FAST_MATH = YES;
				SDKROOT = iphoneos;
				SWIFT_COMPILATION_MODE = wholemodule;
				VALIDATE_PRODUCT = YES;
			};
			name = Release;
		};
		8AD4D4052BADE26400B09738 /* Debug */ = {
			isa = XCBuildConfiguration;
			buildSettings = {
				ASSETCATALOG_COMPILER_APPICON_NAME = AppIcon;
				ASSETCATALOG_COMPILER_GLOBAL_ACCENT_COLOR_NAME = AccentColor;
				CODE_SIGN_STYLE = Automatic;
				CURRENT_PROJECT_VERSION = 1;
				DEVELOPMENT_ASSET_PATHS = "\"SwiftUIFrameworksList/Preview Content\"";
				ENABLE_PREVIEWS = YES;
				GENERATE_INFOPLIST_FILE = YES;
				INFOPLIST_KEY_UIApplicationSceneManifest_Generation = YES;
				INFOPLIST_KEY_UIApplicationSupportsIndirectInputEvents = YES;
				INFOPLIST_KEY_UILaunchScreen_Generation = YES;
				INFOPLIST_KEY_UISupportedInterfaceOrientations_iPad = "UIInterfaceOrientationPortrait UIInterfaceOrientationPortraitUpsideDown UIInterfaceOrientationLandscapeLeft UIInterfaceOrientationLandscapeRight";
				INFOPLIST_KEY_UISupportedInterfaceOrientations_iPhone = "UIInterfaceOrientationPortrait UIInterfaceOrientationLandscapeLeft UIInterfaceOrientationLandscapeRight";
				IPHONEOS_DEPLOYMENT_TARGET = 16.0;
				LD_RUNPATH_SEARCH_PATHS = (
					"$(inherited)",
					"@executable_path/Frameworks",
				);
				MARKETING_VERSION = 1.0;
				PRODUCT_BUNDLE_IDENTIFIER = com.ua.SwiftUIFrameworksList;
				PRODUCT_NAME = "$(TARGET_NAME)";
				SWIFT_EMIT_LOC_STRINGS = YES;
				SWIFT_VERSION = 5.0;
				TARGETED_DEVICE_FAMILY = "1,2";
			};
			name = Debug;
		};
		8AD4D4062BADE26400B09738 /* Release */ = {
			isa = XCBuildConfiguration;
			buildSettings = {
				ASSETCATALOG_COMPILER_APPICON_NAME = AppIcon;
				ASSETCATALOG_COMPILER_GLOBAL_ACCENT_COLOR_NAME = AccentColor;
				CODE_SIGN_STYLE = Automatic;
				CURRENT_PROJECT_VERSION = 1;
				DEVELOPMENT_ASSET_PATHS = "\"SwiftUIFrameworksList/Preview Content\"";
				ENABLE_PREVIEWS = YES;
				GENERATE_INFOPLIST_FILE = YES;
				INFOPLIST_KEY_UIApplicationSceneManifest_Generation = YES;
				INFOPLIST_KEY_UIApplicationSupportsIndirectInputEvents = YES;
				INFOPLIST_KEY_UILaunchScreen_Generation = YES;
				INFOPLIST_KEY_UISupportedInterfaceOrientations_iPad = "UIInterfaceOrientationPortrait UIInterfaceOrientationPortraitUpsideDown UIInterfaceOrientationLandscapeLeft UIInterfaceOrientationLandscapeRight";
				INFOPLIST_KEY_UISupportedInterfaceOrientations_iPhone = "UIInterfaceOrientationPortrait UIInterfaceOrientationLandscapeLeft UIInterfaceOrientationLandscapeRight";
				IPHONEOS_DEPLOYMENT_TARGET = 16.0;
				LD_RUNPATH_SEARCH_PATHS = (
					"$(inherited)",
					"@executable_path/Frameworks",
				);
				MARKETING_VERSION = 1.0;
				PRODUCT_BUNDLE_IDENTIFIER = com.ua.SwiftUIFrameworksList;
				PRODUCT_NAME = "$(TARGET_NAME)";
				SWIFT_EMIT_LOC_STRINGS = YES;
				SWIFT_VERSION = 5.0;
				TARGETED_DEVICE_FAMILY = "1,2";
			};
			name = Release;
		};
/* End XCBuildConfiguration section */

/* Begin XCConfigurationList section */
		8AD4D3F12BADE26200B09738 /* Build configuration list for PBXProject "SwiftUIFrameworksList" */ = {
			isa = XCConfigurationList;
			buildConfigurations = (
				8AD4D4022BADE26400B09738 /* Debug */,
				8AD4D4032BADE26400B09738 /* Release */,
			);
			defaultConfigurationIsVisible = 0;
			defaultConfigurationName = Release;
		};
		8AD4D4042BADE26400B09738 /* Build configuration list for PBXNativeTarget "SwiftUIFrameworksList" */ = {
			isa = XCConfigurationList;
			buildConfigurations = (
				8AD4D4052BADE26400B09738 /* Debug */,
				8AD4D4062BADE26400B09738 /* Release */,
			);
			defaultConfigurationIsVisible = 0;
			defaultConfigurationName = Release;
		};
/* End XCConfigurationList section */
	};
	rootObject = 8AD4D3EE2BADE26200B09738 /* Project object */;
}
